
Microsoft Visual Studio Solution File, Format Version 12.00
# Visual Studio Version 16
VisualStudioVersion = 16.0.30804.86
MinimumVisualStudioVersion = 10.0.40219.1
Project("{FAE04EC0-301F-11D3-BF4B-00C04F79EFBC}") = "BCafe", "BCafe\BCafe.csproj", "{6697770A-647E-42E1-A81A-0E98B18D16B7}"
EndProject
Global
	GlobalSection(SolutionConfigurationPlatforms) = preSolution
		Debug|Any CPU = Debug|Any CPU
		Release|Any CPU = Release|Any CPU
	EndGlobalSection
	GlobalSection(ProjectConfigurationPlatforms) = postSolution
		{6697770A-647E-42E1-A81A-0E98B18D16B7}.Debug|Any CPU.ActiveCfg = Debug|Any CPU
		{6697770A-647E-42E1-A81A-0E98B18D16B7}.Debug|Any CPU.Build.0 = Debug|Any CPU
		{6697770A-647E-42E1-A81A-0E98B18D16B7}.Release|Any CPU.ActiveCfg = Release|Any CPU
		{6697770A-647E-42E1-A81A-0E98B18D16B7}.Release|Any CPU.Build.0 = Release|Any CPU
	EndGlobalSection
	GlobalSection(SolutionProperties) = preSolution
		HideSolutionNode = FALSE
	EndGlobalSection
	GlobalSection(ExtensibilityGlobals) = postSolution
		SolutionGuid = {E77672F7-122B-40EA-9475-135B00F49588}
	EndGlobalSection
EndGlobal
